
Microsoft Visual Studio Solution File, Format Version 12.00
# Visual Studio Version 16
VisualStudioVersion = 16.0.28803.156
MinimumVisualStudioVersion = 10.0.40219.1
Project("{9A19103F-16F7-4668-BE54-9A1E7A4F7556}") = "Task4", "Task4\Task4.csproj", "{A6BF1380-F463-4E14-B7AC-13D8DFB77017}"
EndProject
Project("{9A19103F-16F7-4668-BE54-9A1E7A4F7556}") = "Task1", "Task1\Task1.csproj", "{9AA54C9D-2F40-48B0-9A23-9F8C4E3556CB}"
EndProject
Project("{9A19103F-16F7-4668-BE54-9A1E7A4F7556}") = "Task2", "Task2\Task2.csproj", "{7993F15E-A118-446B-8518-1CEABAB365A1}"
EndProject
Project("{9A19103F-16F7-4668-BE54-9A1E7A4F7556}") = "Task3", "Task3\Task3.csproj", "{D3C6D62C-3136-4398-AB6C-BB4C29327ECA}"
EndProject
Project("{9A19103F-16F7-4668-BE54-9A1E7A4F7556}") = "Task3.DAL", "Task3.DAL\Task3.DAL.csproj", "{DA65F9BF-6AA4-45E1-B935-D479F2C58A3E}"
EndProject
Project("{9A19103F-16F7-4668-BE54-9A1E7A4F7556}") = "Task3.Services", "Task3.Services\Task3.Services.csproj", "{E6253608-3A0C-4FB6-BD0F-8501CDBBA6CD}"
EndProject
Project("{9A19103F-16F7-4668-BE54-9A1E7A4F7556}") = "Task6", "Task6\Task6.csproj", "{8EE0D920-EEBF-4E3C-B0B2-14A5AE664ED5}"
EndProject
Project("{FAE04EC0-301F-11D3-BF4B-00C04F79EFBC}") = "Tools", "Tools\Tools.csproj", "{2CA2AFEE-880A-4DDF-A020-FABA3D16A229}"
EndProject
Global
	GlobalSection(SolutionConfigurationPlatforms) = preSolution
		Debug|Any CPU = Debug|Any CPU
		Release|Any CPU = Release|Any CPU
	EndGlobalSection
	GlobalSection(ProjectConfigurationPlatforms) = postSolution
		{A6BF1380-F463-4E14-B7AC-13D8DFB77017}.Debug|Any CPU.ActiveCfg = Debug|Any CPU
		{A6BF1380-F463-4E14-B7AC-13D8DFB77017}.Debug|Any CPU.Build.0 = Debug|Any CPU
		{A6BF1380-F463-4E14-B7AC-13D8DFB77017}.Release|Any CPU.ActiveCfg = Release|Any CPU
		{A6BF1380-F463-4E14-B7AC-13D8DFB77017}.Release|Any CPU.Build.0 = Release|Any CPU
		{9AA54C9D-2F40-48B0-9A23-9F8C4E3556CB}.Debug|Any CPU.ActiveCfg = Debug|Any CPU
		{9AA54C9D-2F40-48B0-9A23-9F8C4E3556CB}.Debug|Any CPU.Build.0 = Debug|Any CPU
		{9AA54C9D-2F40-48B0-9A23-9F8C4E3556CB}.Release|Any CPU.ActiveCfg = Release|Any CPU
		{9AA54C9D-2F40-48B0-9A23-9F8C4E3556CB}.Release|Any CPU.Build.0 = Release|Any CPU
		{7993F15E-A118-446B-8518-1CEABAB365A1}.Debug|Any CPU.ActiveCfg = Debug|Any CPU
		{7993F15E-A118-446B-8518-1CEABAB365A1}.Debug|Any CPU.Build.0 = Debug|Any CPU
		{7993F15E-A118-446B-8518-1CEABAB365A1}.Release|Any CPU.ActiveCfg = Release|Any CPU
		{7993F15E-A118-446B-8518-1CEABAB365A1}.Release|Any CPU.Build.0 = Release|Any CPU
		{D3C6D62C-3136-4398-AB6C-BB4C29327ECA}.Debug|Any CPU.ActiveCfg = Debug|Any CPU
		{D3C6D62C-3136-4398-AB6C-BB4C29327ECA}.Debug|Any CPU.Build.0 = Debug|Any CPU
		{D3C6D62C-3136-4398-AB6C-BB4C29327ECA}.Release|Any CPU.ActiveCfg = Release|Any CPU
		{D3C6D62C-3136-4398-AB6C-BB4C29327ECA}.Release|Any CPU.Build.0 = Release|Any CPU
		{DA65F9BF-6AA4-45E1-B935-D479F2C58A3E}.Debug|Any CPU.ActiveCfg = Debug|Any CPU
		{DA65F9BF-6AA4-45E1-B935-D479F2C58A3E}.Debug|Any CPU.Build.0 = Debug|Any CPU
		{DA65F9BF-6AA4-45E1-B935-D479F2C58A3E}.Release|Any CPU.ActiveCfg = Release|Any CPU
		{DA65F9BF-6AA4-45E1-B935-D479F2C58A3E}.Release|Any CPU.Build.0 = Release|Any CPU
		{E6253608-3A0C-4FB6-BD0F-8501CDBBA6CD}.Debug|Any CPU.ActiveCfg = Debug|Any CPU
		{E6253608-3A0C-4FB6-BD0F-8501CDBBA6CD}.Debug|Any CPU.Build.0 = Debug|Any CPU
		{E6253608-3A0C-4FB6-BD0F-8501CDBBA6CD}.Release|Any CPU.ActiveCfg = Release|Any CPU
		{E6253608-3A0C-4FB6-BD0F-8501CDBBA6CD}.Release|Any CPU.Build.0 = Release|Any CPU
		{8EE0D920-EEBF-4E3C-B0B2-14A5AE664ED5}.Debug|Any CPU.ActiveCfg = Debug|Any CPU
		{8EE0D920-EEBF-4E3C-B0B2-14A5AE664ED5}.Debug|Any CPU.Build.0 = Debug|Any CPU
		{8EE0D920-EEBF-4E3C-B0B2-14A5AE664ED5}.Release|Any CPU.ActiveCfg = Release|Any CPU
		{8EE0D920-EEBF-4E3C-B0B2-14A5AE664ED5}.Release|Any CPU.Build.0 = Release|Any CPU
		{2CA2AFEE-880A-4DDF-A020-FABA3D16A229}.Debug|Any CPU.ActiveCfg = Debug|Any CPU
		{2CA2AFEE-880A-4DDF-A020-FABA3D16A229}.Debug|Any CPU.Build.0 = Debug|Any CPU
		{2CA2AFEE-880A-4DDF-A020-FABA3D16A229}.Release|Any CPU.ActiveCfg = Release|Any CPU
		{2CA2AFEE-880A-4DDF-A020-FABA3D16A229}.Release|Any CPU.Build.0 = Release|Any CPU
	EndGlobalSection
	GlobalSection(SolutionProperties) = preSolution
		HideSolutionNode = FALSE
	EndGlobalSection
	GlobalSection(ExtensibilityGlobals) = postSolution
		SolutionGuid = {86E42D85-42C6-4F78-A816-0F9D2007C817}
	EndGlobalSection
EndGlobal
